// !$*UTF8*$!
{
	archiveVersion = 1;
	classes = {
	};
	objectVersion = 55;
	objects = {

/* Begin PBXBuildFile section */
		795E52C127DDDE47008CF240 /* Styles.swift in Sources */ = {isa = PBXBuildFile; fileRef = 795E52C027DDDE47008CF240 /* Styles.swift */; };
		795E52C327DDE150008CF240 /* AccountView.swift in Sources */ = {isa = PBXBuildFile; fileRef = 795E52C227DDE150008CF240 /* AccountView.swift */; };
		795E52C527DDF0FA008CF240 /* HexagonView.swift in Sources */ = {isa = PBXBuildFile; fileRef = 795E52C427DDF0FA008CF240 /* HexagonView.swift */; };
		795E52C727DDF4C0008CF240 /* BlobView.swift in Sources */ = {isa = PBXBuildFile; fileRef = 795E52C627DDF4C0008CF240 /* BlobView.swift */; };
		795E52C927DDFA54008CF240 /* TabBar.swift in Sources */ = {isa = PBXBuildFile; fileRef = 795E52C827DDFA54008CF240 /* TabBar.swift */; };
		795E52CB27DDFDBF008CF240 /* Tab.swift in Sources */ = {isa = PBXBuildFile; fileRef = 795E52CA27DDFDBF008CF240 /* Tab.swift */; };
		795E52CD27DE07A8008CF240 /* HomeView.swift in Sources */ = {isa = PBXBuildFile; fileRef = 795E52CC27DE07A8008CF240 /* HomeView.swift */; };
		795E52D427DE3115008CF240 /* FeaturedItem.swift in Sources */ = {isa = PBXBuildFile; fileRef = 795E52D327DE3115008CF240 /* FeaturedItem.swift */; };
		795E52D627DE322B008CF240 /* NavigationBar.swift in Sources */ = {isa = PBXBuildFile; fileRef = 795E52D527DE322B008CF240 /* NavigationBar.swift */; };
		795E52D827DE3568008CF240 /* PreferenceKeys.swift in Sources */ = {isa = PBXBuildFile; fileRef = 795E52D727DE3568008CF240 /* PreferenceKeys.swift */; };
		795E52DA27DE38AB008CF240 /* AnimateableFontModifier.swift in Sources */ = {isa = PBXBuildFile; fileRef = 795E52D927DE38AB008CF240 /* AnimateableFontModifier.swift */; };
		795E52DC27DE3B79008CF240 /* Course.swift in Sources */ = {isa = PBXBuildFile; fileRef = 795E52DB27DE3B79008CF240 /* Course.swift */; };
		795E52DE27DE494D008CF240 /* MatchedView.swift in Sources */ = {isa = PBXBuildFile; fileRef = 795E52DD27DE494D008CF240 /* MatchedView.swift */; };
		795E52E027DE5364008CF240 /* CourseItem.swift in Sources */ = {isa = PBXBuildFile; fileRef = 795E52DF27DE5364008CF240 /* CourseItem.swift */; };
		795E52E227DE53FD008CF240 /* CourseView.swift in Sources */ = {isa = PBXBuildFile; fileRef = 795E52E127DE53FD008CF240 /* CourseView.swift */; };
		795E52E427DE5850008CF240 /* Animations.swift in Sources */ = {isa = PBXBuildFile; fileRef = 795E52E327DE5850008CF240 /* Animations.swift */; };
		795E52E627DF8221008CF240 /* Model.swift in Sources */ = {isa = PBXBuildFile; fileRef = 795E52E527DF8221008CF240 /* Model.swift */; };
		79D9355027DCED6000171729 /* DesignCodeIOS15App.swift in Sources */ = {isa = PBXBuildFile; fileRef = 79D9354F27DCED6000171729 /* DesignCodeIOS15App.swift */; };
		79D9355227DCED6000171729 /* ContentView.swift in Sources */ = {isa = PBXBuildFile; fileRef = 79D9355127DCED6000171729 /* ContentView.swift */; };
		79D9355427DCED6000171729 /* Assets.xcassets in Resources */ = {isa = PBXBuildFile; fileRef = 79D9355327DCED6000171729 /* Assets.xcassets */; };
		79D9355727DCED6000171729 /* Preview Assets.xcassets in Resources */ = {isa = PBXBuildFile; fileRef = 79D9355627DCED6000171729 /* Preview Assets.xcassets */; };
/* End PBXBuildFile section */

/* Begin PBXFileReference section */
		795E52C027DDDE47008CF240 /* Styles.swift */ = {isa = PBXFileReference; lastKnownFileType = sourcecode.swift; path = Styles.swift; sourceTree = "<group>"; };
		795E52C227DDE150008CF240 /* AccountView.swift */ = {isa = PBXFileReference; lastKnownFileType = sourcecode.swift; path = AccountView.swift; sourceTree = "<group>"; };
		795E52C427DDF0FA008CF240 /* HexagonView.swift */ = {isa = PBXFileReference; lastKnownFileType = sourcecode.swift; path = HexagonView.swift; sourceTree = "<group>"; };
		795E52C627DDF4C0008CF240 /* BlobView.swift */ = {isa = PBXFileReference; lastKnownFileType = sourcecode.swift; path = BlobView.swift; sourceTree = "<group>"; };
		795E52C827DDFA54008CF240 /* TabBar.swift */ = {isa = PBXFileReference; lastKnownFileType = sourcecode.swift; path = TabBar.swift; sourceTree = "<group>"; };
		795E52CA27DDFDBF008CF240 /* Tab.swift */ = {isa = PBXFileReference; lastKnownFileType = sourcecode.swift; path = Tab.swift; sourceTree = "<group>"; };
		795E52CC27DE07A8008CF240 /* HomeView.swift */ = {isa = PBXFileReference; lastKnownFileType = sourcecode.swift; path = HomeView.swift; sourceTree = "<group>"; };
		795E52D327DE3115008CF240 /* FeaturedItem.swift */ = {isa = PBXFileReference; lastKnownFileType = sourcecode.swift; path = FeaturedItem.swift; sourceTree = "<group>"; };
		795E52D527DE322B008CF240 /* NavigationBar.swift */ = {isa = PBXFileReference; lastKnownFileType = sourcecode.swift; path = NavigationBar.swift; sourceTree = "<group>"; };
		795E52D727DE3568008CF240 /* PreferenceKeys.swift */ = {isa = PBXFileReference; lastKnownFileType = sourcecode.swift; path = PreferenceKeys.swift; sourceTree = "<group>"; };
		795E52D927DE38AB008CF240 /* AnimateableFontModifier.swift */ = {isa = PBXFileReference; lastKnownFileType = sourcecode.swift; path = AnimateableFontModifier.swift; sourceTree = "<group>"; };
		795E52DB27DE3B79008CF240 /* Course.swift */ = {isa = PBXFileReference; lastKnownFileType = sourcecode.swift; path = Course.swift; sourceTree = "<group>"; };
		795E52DD27DE494D008CF240 /* MatchedView.swift */ = {isa = PBXFileReference; lastKnownFileType = sourcecode.swift; path = MatchedView.swift; sourceTree = "<group>"; };
		795E52DF27DE5364008CF240 /* CourseItem.swift */ = {isa = PBXFileReference; lastKnownFileType = sourcecode.swift; path = CourseItem.swift; sourceTree = "<group>"; };
		795E52E127DE53FD008CF240 /* CourseView.swift */ = {isa = PBXFileReference; lastKnownFileType = sourcecode.swift; path = CourseView.swift; sourceTree = "<group>"; };
		795E52E327DE5850008CF240 /* Animations.swift */ = {isa = PBXFileReference; lastKnownFileType = sourcecode.swift; path = Animations.swift; sourceTree = "<group>"; };
		795E52E527DF8221008CF240 /* Model.swift */ = {isa = PBXFileReference; lastKnownFileType = sourcecode.swift; path = Model.swift; sourceTree = "<group>"; };
		79D9354C27DCED6000171729 /* DesignCodeIOS15.app */ = {isa = PBXFileReference; explicitFileType = wrapper.application; includeInIndex = 0; path = DesignCodeIOS15.app; sourceTree = BUILT_PRODUCTS_DIR; };
		79D9354F27DCED6000171729 /* DesignCodeIOS15App.swift */ = {isa = PBXFileReference; lastKnownFileType = sourcecode.swift; path = DesignCodeIOS15App.swift; sourceTree = "<group>"; };
		79D9355127DCED6000171729 /* ContentView.swift */ = {isa = PBXFileReference; lastKnownFileType = sourcecode.swift; path = ContentView.swift; sourceTree = "<group>"; };
		79D9355327DCED6000171729 /* Assets.xcassets */ = {isa = PBXFileReference; lastKnownFileType = folder.assetcatalog; path = Assets.xcassets; sourceTree = "<group>"; };
		79D9355627DCED6000171729 /* Preview Assets.xcassets */ = {isa = PBXFileReference; lastKnownFileType = folder.assetcatalog; path = "Preview Assets.xcassets"; sourceTree = "<group>"; };
/* End PBXFileReference section */

/* Begin PBXFrameworksBuildPhase section */
		79D9354927DCED6000171729 /* Frameworks */ = {
			isa = PBXFrameworksBuildPhase;
			buildActionMask = 2147483647;
			files = (
			);
			runOnlyForDeploymentPostprocessing = 0;
		};
/* End PBXFrameworksBuildPhase section */

/* Begin PBXGroup section */
		795E52CE27DE0970008CF240 /* Navigation */ = {
			isa = PBXGroup;
			children = (
				795E52C827DDFA54008CF240 /* TabBar.swift */,
				79D9355127DCED6000171729 /* ContentView.swift */,
				795E52D527DE322B008CF240 /* NavigationBar.swift */,
			);
			path = Navigation;
			sourceTree = "<group>";
		};
		795E52CF27DE0982008CF240 /* Views */ = {
			isa = PBXGroup;
			children = (
				795E52CC27DE07A8008CF240 /* HomeView.swift */,
				795E52C227DDE150008CF240 /* AccountView.swift */,
				795E52DD27DE494D008CF240 /* MatchedView.swift */,
				795E52E127DE53FD008CF240 /* CourseView.swift */,
			);
			path = Views;
			sourceTree = "<group>";
		};
		795E52D027DE0996008CF240 /* Components */ = {
			isa = PBXGroup;
			children = (
				795E52C627DDF4C0008CF240 /* BlobView.swift */,
				795E52C427DDF0FA008CF240 /* HexagonView.swift */,
				795E52D327DE3115008CF240 /* FeaturedItem.swift */,
				795E52DF27DE5364008CF240 /* CourseItem.swift */,
			);
			path = Components;
			sourceTree = "<group>";
		};
		795E52D127DE09B5008CF240 /* Model */ = {
			isa = PBXGroup;
			children = (
				795E52CA27DDFDBF008CF240 /* Tab.swift */,
				795E52D727DE3568008CF240 /* PreferenceKeys.swift */,
				795E52DB27DE3B79008CF240 /* Course.swift */,
				795E52E527DF8221008CF240 /* Model.swift */,
			);
			path = Model;
			sourceTree = "<group>";
		};
		795E52D227DE09C5008CF240 /* Styles */ = {
			isa = PBXGroup;
			children = (
				795E52C027DDDE47008CF240 /* Styles.swift */,
				795E52D927DE38AB008CF240 /* AnimateableFontModifier.swift */,
				795E52E327DE5850008CF240 /* Animations.swift */,
			);
			path = Styles;
			sourceTree = "<group>";
		};
		79D9354327DCED6000171729 = {
			isa = PBXGroup;
			children = (
				79D9354E27DCED6000171729 /* DesignCodeIOS15 */,
				79D9354D27DCED6000171729 /* Products */,
			);
			sourceTree = "<group>";
		};
		79D9354D27DCED6000171729 /* Products */ = {
			isa = PBXGroup;
			children = (
				79D9354C27DCED6000171729 /* DesignCodeIOS15.app */,
			);
			name = Products;
			sourceTree = "<group>";
		};
		79D9354E27DCED6000171729 /* DesignCodeIOS15 */ = {
			isa = PBXGroup;
			children = (
				79D9354F27DCED6000171729 /* DesignCodeIOS15App.swift */,
				795E52CE27DE0970008CF240 /* Navigation */,
				795E52CF27DE0982008CF240 /* Views */,
				795E52D027DE0996008CF240 /* Components */,
				795E52D127DE09B5008CF240 /* Model */,
				795E52D227DE09C5008CF240 /* Styles */,
				79D9355327DCED6000171729 /* Assets.xcassets */,
				79D9355527DCED6000171729 /* Preview Content */,
			);
			path = DesignCodeIOS15;
			sourceTree = "<group>";
		};
		79D9355527DCED6000171729 /* Preview Content */ = {
			isa = PBXGroup;
			children = (
				79D9355627DCED6000171729 /* Preview Assets.xcassets */,
			);
			path = "Preview Content";
			sourceTree = "<group>";
		};
/* End PBXGroup section */

/* Begin PBXNativeTarget section */
		79D9354B27DCED6000171729 /* DesignCodeIOS15 */ = {
			isa = PBXNativeTarget;
			buildConfigurationList = 79D9355A27DCED6000171729 /* Build configuration list for PBXNativeTarget "DesignCodeIOS15" */;
			buildPhases = (
				79D9354827DCED6000171729 /* Sources */,
				79D9354927DCED6000171729 /* Frameworks */,
				79D9354A27DCED6000171729 /* Resources */,
			);
			buildRules = (
			);
			dependencies = (
			);
			name = DesignCodeIOS15;
			productName = DesignCodeIOS15;
			productReference = 79D9354C27DCED6000171729 /* DesignCodeIOS15.app */;
			productType = "com.apple.product-type.application";
		};
/* End PBXNativeTarget section */

/* Begin PBXProject section */
		79D9354427DCED6000171729 /* Project object */ = {
			isa = PBXProject;
			attributes = {
				BuildIndependentTargetsInParallel = 1;
				LastSwiftUpdateCheck = 1320;
				LastUpgradeCheck = 1320;
				TargetAttributes = {
					79D9354B27DCED6000171729 = {
						CreatedOnToolsVersion = 13.2.1;
					};
				};
			};
			buildConfigurationList = 79D9354727DCED6000171729 /* Build configuration list for PBXProject "DesignCodeIOS15" */;
			compatibilityVersion = "Xcode 13.0";
			developmentRegion = en;
			hasScannedForEncodings = 0;
			knownRegions = (
				en,
				Base,
			);
			mainGroup = 79D9354327DCED6000171729;
			productRefGroup = 79D9354D27DCED6000171729 /* Products */;
			projectDirPath = "";
			projectRoot = "";
			targets = (
				79D9354B27DCED6000171729 /* DesignCodeIOS15 */,
			);
		};
/* End PBXProject section */

/* Begin PBXResourcesBuildPhase section */
		79D9354A27DCED6000171729 /* Resources */ = {
			isa = PBXResourcesBuildPhase;
			buildActionMask = 2147483647;
			files = (
				79D9355727DCED6000171729 /* Preview Assets.xcassets in Resources */,
				79D9355427DCED6000171729 /* Assets.xcassets in Resources */,
			);
			runOnlyForDeploymentPostprocessing = 0;
		};
/* End PBXResourcesBuildPhase section */

/* Begin PBXSourcesBuildPhase section */
		79D9354827DCED6000171729 /* Sources */ = {
			isa = PBXSourcesBuildPhase;
			buildActionMask = 2147483647;
			files = (
				795E52CD27DE07A8008CF240 /* HomeView.swift in Sources */,
				795E52C327DDE150008CF240 /* AccountView.swift in Sources */,
				795E52E227DE53FD008CF240 /* CourseView.swift in Sources */,
				795E52C527DDF0FA008CF240 /* HexagonView.swift in Sources */,
				795E52C127DDDE47008CF240 /* Styles.swift in Sources */,
				795E52DE27DE494D008CF240 /* MatchedView.swift in Sources */,
				795E52CB27DDFDBF008CF240 /* Tab.swift in Sources */,
				795E52D627DE322B008CF240 /* NavigationBar.swift in Sources */,
				795E52C727DDF4C0008CF240 /* BlobView.swift in Sources */,
				79D9355227DCED6000171729 /* ContentView.swift in Sources */,
				795E52DC27DE3B79008CF240 /* Course.swift in Sources */,
				79D9355027DCED6000171729 /* DesignCodeIOS15App.swift in Sources */,
				795E52E027DE5364008CF240 /* CourseItem.swift in Sources */,
				795E52DA27DE38AB008CF240 /* AnimateableFontModifier.swift in Sources */,
				795E52E427DE5850008CF240 /* Animations.swift in Sources */,
				795E52D427DE3115008CF240 /* FeaturedItem.swift in Sources */,
				795E52E627DF8221008CF240 /* Model.swift in Sources */,
				795E52D827DE3568008CF240 /* PreferenceKeys.swift in Sources */,
				795E52C927DDFA54008CF240 /* TabBar.swift in Sources */,
			);
			runOnlyForDeploymentPostprocessing = 0;
		};
/* End PBXSourcesBuildPhase section */

/* Begin XCBuildConfiguration section */
		79D9355827DCED6000171729 /* Debug */ = {
			isa = XCBuildConfiguration;
			buildSettings = {
				ALWAYS_SEARCH_USER_PATHS = NO;
				CLANG_ANALYZER_NONNULL = YES;
				CLANG_ANALYZER_NUMBER_OBJECT_CONVERSION = YES_AGGRESSIVE;
				CLANG_CXX_LANGUAGE_STANDARD = "gnu++17";
				CLANG_CXX_LIBRARY = "libc++";
				CLANG_ENABLE_MODULES = YES;
				CLANG_ENABLE_OBJC_ARC = YES;
				CLANG_ENABLE_OBJC_WEAK = YES;
				CLANG_WARN_BLOCK_CAPTURE_AUTORELEASING = YES;
				CLANG_WARN_BOOL_CONVERSION = YES;
				CLANG_WARN_COMMA = YES;
				CLANG_WARN_CONSTANT_CONVERSION = YES;
				CLANG_WARN_DEPRECATED_OBJC_IMPLEMENTATIONS = YES;
				CLANG_WARN_DIRECT_OBJC_ISA_USAGE = YES_ERROR;
				CLANG_WARN_DOCUMENTATION_COMMENTS = YES;
				CLANG_WARN_EMPTY_BODY = YES;
				CLANG_WARN_ENUM_CONVERSION = YES;
				CLANG_WARN_INFINITE_RECURSION = YES;
				CLANG_WARN_INT_CONVERSION = YES;
				CLANG_WARN_NON_LITERAL_NULL_CONVERSION = YES;
				CLANG_WARN_OBJC_IMPLICIT_RETAIN_SELF = YES;
				CLANG_WARN_OBJC_LITERAL_CONVERSION = YES;
				CLANG_WARN_OBJC_ROOT_CLASS = YES_ERROR;
				CLANG_WARN_QUOTED_INCLUDE_IN_FRAMEWORK_HEADER = YES;
				CLANG_WARN_RANGE_LOOP_ANALYSIS = YES;
				CLANG_WARN_STRICT_PROTOTYPES = YES;
				CLANG_WARN_SUSPICIOUS_MOVE = YES;
				CLANG_WARN_UNGUARDED_AVAILABILITY = YES_AGGRESSIVE;
				CLANG_WARN_UNREACHABLE_CODE = YES;
				CLANG_WARN__DUPLICATE_METHOD_MATCH = YES;
				COPY_PHASE_STRIP = NO;
				DEBUG_INFORMATION_FORMAT = dwarf;
				ENABLE_STRICT_OBJC_MSGSEND = YES;
				ENABLE_TESTABILITY = YES;
				GCC_C_LANGUAGE_STANDARD = gnu11;
				GCC_DYNAMIC_NO_PIC = NO;
				GCC_NO_COMMON_BLOCKS = YES;
				GCC_OPTIMIZATION_LEVEL = 0;
				GCC_PREPROCESSOR_DEFINITIONS = (
					"DEBUG=1",
					"$(inherited)",
				);
				GCC_WARN_64_TO_32_BIT_CONVERSION = YES;
				GCC_WARN_ABOUT_RETURN_TYPE = YES_ERROR;
				GCC_WARN_UNDECLARED_SELECTOR = YES;
				GCC_WARN_UNINITIALIZED_AUTOS = YES_AGGRESSIVE;
				GCC_WARN_UNUSED_FUNCTION = YES;
				GCC_WARN_UNUSED_VARIABLE = YES;
				IPHONEOS_DEPLOYMENT_TARGET = 15.2;
				MTL_ENABLE_DEBUG_INFO = INCLUDE_SOURCE;
				MTL_FAST_MATH = YES;
				ONLY_ACTIVE_ARCH = YES;
				SDKROOT = iphoneos;
				SWIFT_ACTIVE_COMPILATION_CONDITIONS = DEBUG;
				SWIFT_OPTIMIZATION_LEVEL = "-Onone";
			};
			name = Debug;
		};
		79D9355927DCED6000171729 /* Release */ = {
			isa = XCBuildConfiguration;
			buildSettings = {
				ALWAYS_SEARCH_USER_PATHS = NO;
				CLANG_ANALYZER_NONNULL = YES;
				CLANG_ANALYZER_NUMBER_OBJECT_CONVERSION = YES_AGGRESSIVE;
				CLANG_CXX_LANGUAGE_STANDARD = "gnu++17";
				CLANG_CXX_LIBRARY = "libc++";
				CLANG_ENABLE_MODULES = YES;
				CLANG_ENABLE_OBJC_ARC = YES;
				CLANG_ENABLE_OBJC_WEAK = YES;
				CLANG_WARN_BLOCK_CAPTURE_AUTORELEASING = YES;
				CLANG_WARN_BOOL_CONVERSION = YES;
				CLANG_WARN_COMMA = YES;
				CLANG_WARN_CONSTANT_CONVERSION = YES;
				CLANG_WARN_DEPRECATED_OBJC_IMPLEMENTATIONS = YES;
				CLANG_WARN_DIRECT_OBJC_ISA_USAGE = YES_ERROR;
				CLANG_WARN_DOCUMENTATION_COMMENTS = YES;
				CLANG_WARN_EMPTY_BODY = YES;
				CLANG_WARN_ENUM_CONVERSION = YES;
				CLANG_WARN_INFINITE_RECURSION = YES;
				CLANG_WARN_INT_CONVERSION = YES;
				CLANG_WARN_NON_LITERAL_NULL_CONVERSION = YES;
				CLANG_WARN_OBJC_IMPLICIT_RETAIN_SELF = YES;
				CLANG_WARN_OBJC_LITERAL_CONVERSION = YES;
				CLANG_WARN_OBJC_ROOT_CLASS = YES_ERROR;
				CLANG_WARN_QUOTED_INCLUDE_IN_FRAMEWORK_HEADER = YES;
				CLANG_WARN_RANGE_LOOP_ANALYSIS = YES;
				CLANG_WARN_STRICT_PROTOTYPES = YES;
				CLANG_WARN_SUSPICIOUS_MOVE = YES;
				CLANG_WARN_UNGUARDED_AVAILABILITY = YES_AGGRESSIVE;
				CLANG_WARN_UNREACHABLE_CODE = YES;
				CLANG_WARN__DUPLICATE_METHOD_MATCH = YES;
				COPY_PHASE_STRIP = NO;
				DEBUG_INFORMATION_FORMAT = "dwarf-with-dsym";
				ENABLE_NS_ASSERTIONS = NO;
				ENABLE_STRICT_OBJC_MSGSEND = YES;
				GCC_C_LANGUAGE_STANDARD = gnu11;
				GCC_NO_COMMON_BLOCKS = YES;
				GCC_WARN_64_TO_32_BIT_CONVERSION = YES;
				GCC_WARN_ABOUT_RETURN_TYPE = YES_ERROR;
				GCC_WARN_UNDECLARED_SELECTOR = YES;
				GCC_WARN_UNINITIALIZED_AUTOS = YES_AGGRESSIVE;
				GCC_WARN_UNUSED_FUNCTION = YES;
				GCC_WARN_UNUSED_VARIABLE = YES;
				IPHONEOS_DEPLOYMENT_TARGET = 15.2;
				MTL_ENABLE_DEBUG_INFO = NO;
				MTL_FAST_MATH = YES;
				SDKROOT = iphoneos;
				SWIFT_COMPILATION_MODE = wholemodule;
				SWIFT_OPTIMIZATION_LEVEL = "-O";
				VALIDATE_PRODUCT = YES;
			};
			name = Release;
		};
		79D9355B27DCED6000171729 /* Debug */ = {
			isa = XCBuildConfiguration;
			buildSettings = {
				ASSETCATALOG_COMPILER_APPICON_NAME = AppIcon;
				ASSETCATALOG_COMPILER_GLOBAL_ACCENT_COLOR_NAME = AccentColor;
				CODE_SIGN_STYLE = Automatic;
				CURRENT_PROJECT_VERSION = 1;
				DEVELOPMENT_ASSET_PATHS = "\"DesignCodeIOS15/Preview Content\"";
				DEVELOPMENT_TEAM = 8JTT474B8M;
				ENABLE_PREVIEWS = YES;
				GENERATE_INFOPLIST_FILE = YES;
				INFOPLIST_KEY_UIApplicationSceneManifest_Generation = YES;
				INFOPLIST_KEY_UIApplicationSupportsIndirectInputEvents = YES;
				INFOPLIST_KEY_UILaunchScreen_Generation = YES;
				INFOPLIST_KEY_UISupportedInterfaceOrientations_iPad = "UIInterfaceOrientationPortrait UIInterfaceOrientationPortraitUpsideDown UIInterfaceOrientationLandscapeLeft UIInterfaceOrientationLandscapeRight";
				INFOPLIST_KEY_UISupportedInterfaceOrientations_iPhone = "UIInterfaceOrientationPortrait UIInterfaceOrientationLandscapeLeft UIInterfaceOrientationLandscapeRight";
				LD_RUNPATH_SEARCH_PATHS = (
					"$(inherited)",
					"@executable_path/Frameworks",
				);
				MARKETING_VERSION = 1.0;
				PRODUCT_BUNDLE_IDENTIFIER = kan.DesignCodeIOS15;
				PRODUCT_NAME = "$(TARGET_NAME)";
				SWIFT_EMIT_LOC_STRINGS = YES;
				SWIFT_VERSION = 5.0;
				TARGETED_DEVICE_FAMILY = "1,2";
			};
			name = Debug;
		};
		79D9355C27DCED6000171729 /* Release */ = {
			isa = XCBuildConfiguration;
			buildSettings = {
				ASSETCATALOG_COMPILER_APPICON_NAME = AppIcon;
				ASSETCATALOG_COMPILER_GLOBAL_ACCENT_COLOR_NAME = AccentColor;
				CODE_SIGN_STYLE = Automatic;
				CURRENT_PROJECT_VERSION = 1;
				DEVELOPMENT_ASSET_PATHS = "\"DesignCodeIOS15/Preview Content\"";
				DEVELOPMENT_TEAM = 8JTT474B8M;
				ENABLE_PREVIEWS = YES;
				GENERATE_INFOPLIST_FILE = YES;
				INFOPLIST_KEY_UIApplicationSceneManifest_Generation = YES;
				INFOPLIST_KEY_UIApplicationSupportsIndirectInputEvents = YES;
				INFOPLIST_KEY_UILaunchScreen_Generation = YES;
				INFOPLIST_KEY_UISupportedInterfaceOrientations_iPad = "UIInterfaceOrientationPortrait UIInterfaceOrientationPortraitUpsideDown UIInterfaceOrientationLandscapeLeft UIInterfaceOrientationLandscapeRight";
				INFOPLIST_KEY_UISupportedInterfaceOrientations_iPhone = "UIInterfaceOrientationPortrait UIInterfaceOrientationLandscapeLeft UIInterfaceOrientationLandscapeRight";
				LD_RUNPATH_SEARCH_PATHS = (
					"$(inherited)",
					"@executable_path/Frameworks",
				);
				MARKETING_VERSION = 1.0;
				PRODUCT_BUNDLE_IDENTIFIER = kan.DesignCodeIOS15;
				PRODUCT_NAME = "$(TARGET_NAME)";
				SWIFT_EMIT_LOC_STRINGS = YES;
				SWIFT_VERSION = 5.0;
				TARGETED_DEVICE_FAMILY = "1,2";
			};
			name = Release;
		};
/* End XCBuildConfiguration section */

/* Begin XCConfigurationList section */
		79D9354727DCED6000171729 /* Build configuration list for PBXProject "DesignCodeIOS15" */ = {
			isa = XCConfigurationList;
			buildConfigurations = (
				79D9355827DCED6000171729 /* Debug */,
				79D9355927DCED6000171729 /* Release */,
			);
			defaultConfigurationIsVisible = 0;
			defaultConfigurationName = Release;
		};
		79D9355A27DCED6000171729 /* Build configuration list for PBXNativeTarget "DesignCodeIOS15" */ = {
			isa = XCConfigurationList;
			buildConfigurations = (
				79D9355B27DCED6000171729 /* Debug */,
				79D9355C27DCED6000171729 /* Release */,
			);
			defaultConfigurationIsVisible = 0;
			defaultConfigurationName = Release;
		};
/* End XCConfigurationList section */
	};
	rootObject = 79D9354427DCED6000171729 /* Project object */;
}
